
Microsoft Visual Studio Solution File, Format Version 12.00
# Visual Studio 15
VisualStudioVersion = 15.0.26430.16
MinimumVisualStudioVersion = 10.0.40219.1
Project("{FAE04EC0-301F-11D3-BF4B-00C04F79EFBC}") = "03 - RavenDBEstudos", "03 - RavenDBEstudos.csproj", "{9879FE64-E6D7-4189-ACC0-DEED3F76F190}"
EndProject
Project("{FAE04EC0-301F-11D3-BF4B-00C04F79EFBC}") = "02 - Repositorio", "..\Repositorio\02 - Repositorio.csproj", "{140E0828-7F5E-4459-AECC-B623E64A4C65}"
EndProject
Project("{FAE04EC0-301F-11D3-BF4B-00C04F79EFBC}") = "01 - Model", "Model\01 - Model.csproj", "{C649C3FF-E8EE-4F7E-B543-2D1B835DD16F}"
EndProject
Global
	GlobalSection(SolutionConfigurationPlatforms) = preSolution
		Debug|Any CPU = Debug|Any CPU
		Release|Any CPU = Release|Any CPU
	EndGlobalSection
	GlobalSection(ProjectConfigurationPlatforms) = postSolution
		{9879FE64-E6D7-4189-ACC0-DEED3F76F190}.Debug|Any CPU.ActiveCfg = Debug|Any CPU
		{9879FE64-E6D7-4189-ACC0-DEED3F76F190}.Debug|Any CPU.Build.0 = Debug|Any CPU
		{9879FE64-E6D7-4189-ACC0-DEED3F76F190}.Release|Any CPU.ActiveCfg = Release|Any CPU
		{9879FE64-E6D7-4189-ACC0-DEED3F76F190}.Release|Any CPU.Build.0 = Release|Any CPU
		{140E0828-7F5E-4459-AECC-B623E64A4C65}.Debug|Any CPU.ActiveCfg = Debug|Any CPU
		{140E0828-7F5E-4459-AECC-B623E64A4C65}.Debug|Any CPU.Build.0 = Debug|Any CPU
		{140E0828-7F5E-4459-AECC-B623E64A4C65}.Release|Any CPU.ActiveCfg = Release|Any CPU
		{140E0828-7F5E-4459-AECC-B623E64A4C65}.Release|Any CPU.Build.0 = Release|Any CPU
		{C649C3FF-E8EE-4F7E-B543-2D1B835DD16F}.Debug|Any CPU.ActiveCfg = Debug|Any CPU
		{C649C3FF-E8EE-4F7E-B543-2D1B835DD16F}.Debug|Any CPU.Build.0 = Debug|Any CPU
		{C649C3FF-E8EE-4F7E-B543-2D1B835DD16F}.Release|Any CPU.ActiveCfg = Release|Any CPU
		{C649C3FF-E8EE-4F7E-B543-2D1B835DD16F}.Release|Any CPU.Build.0 = Release|Any CPU
	EndGlobalSection
	GlobalSection(SolutionProperties) = preSolution
		HideSolutionNode = FALSE
	EndGlobalSection
EndGlobal
